
Microsoft Visual Studio Solution File, Format Version 12.00
# Visual Studio Version 17
VisualStudioVersion = 17.4.33122.133
MinimumVisualStudioVersion = 10.0.40219.1
Project("{FAE04EC0-301F-11D3-BF4B-00C04F79EFBC}") = "backend", "backend.csproj", "{582A8C84-38EC-4B6F-94C0-E387F16FB4F9}"
EndProject
Global
	GlobalSection(SolutionConfigurationPlatforms) = preSolution
		Debug|Any CPU = Debug|Any CPU
		Release|Any CPU = Release|Any CPU
	EndGlobalSection
	GlobalSection(ProjectConfigurationPlatforms) = postSolution
		{582A8C84-38EC-4B6F-94C0-E387F16FB4F9}.Debug|Any CPU.ActiveCfg = Debug|Any CPU
		{582A8C84-38EC-4B6F-94C0-E387F16FB4F9}.Debug|Any CPU.Build.0 = Debug|Any CPU
		{582A8C84-38EC-4B6F-94C0-E387F16FB4F9}.Release|Any CPU.ActiveCfg = Release|Any CPU
		{582A8C84-38EC-4B6F-94C0-E387F16FB4F9}.Release|Any CPU.Build.0 = Release|Any CPU
	EndGlobalSection
	GlobalSection(SolutionProperties) = preSolution
		HideSolutionNode = FALSE
	EndGlobalSection
	GlobalSection(ExtensibilityGlobals) = postSolution
		SolutionGuid = {C1A4F53E-A2FE-41D1-AA6B-9AC9C11A800E}
	EndGlobalSection
EndGlobal
